
Microsoft Visual Studio Solution File, Format Version 12.00
# Visual Studio Version 17
VisualStudioVersion = 17.5.002.0
MinimumVisualStudioVersion = 10.0.40219.1
Project("{9A19103F-16F7-4668-BE54-9A1E7A4F7556}") = "HelloWorld", "HelloWorld\HelloWorld.csproj", "{33CD656D-9291-4572-BF11-AA383709183A}"
EndProject
Project("{2150E333-8FDC-42A3-9474-1A3956D46DE8}") = "Kapitel-1", "Kapitel-1", "{FCF5822C-C098-4DF3-AFF9-8D96CE3D022F}"
EndProject
Project("{9A19103F-16F7-4668-BE54-9A1E7A4F7556}") = "Lucktext", "Kapitel-1\Lucktext\Lucktext.csproj", "{55BFAC98-9EB9-4300-BEC3-99165DDDC230}"
EndProject
Project("{9A19103F-16F7-4668-BE54-9A1E7A4F7556}") = "Registering", "Kapitel-1\Registering\Registering.csproj", "{706A230C-FC84-46DE-A937-3A5E05C4498F}"
EndProject
Project("{2150E333-8FDC-42A3-9474-1A3956D46DE8}") = "Kapitel-3", "Kapitel-3", "{F85097F7-994A-4410-919A-35E61AB07DD1}"
EndProject
Project("{9A19103F-16F7-4668-BE54-9A1E7A4F7556}") = "EngChart", "Kapitel-3\EngChart\EngChart.csproj", "{6298629A-0E2D-4238-8FF1-D3EDB52B0FD2}"
EndProject
Project("{9A19103F-16F7-4668-BE54-9A1E7A4F7556}") = "Interaktiv Story", "Kapitel-3\Interaktiv Story\Interaktiv Story.csproj", "{BED1C086-C882-4A99-8CB6-A372261E784F}"
EndProject
Global
	GlobalSection(SolutionConfigurationPlatforms) = preSolution
		Debug|Any CPU = Debug|Any CPU
		Release|Any CPU = Release|Any CPU
	EndGlobalSection
	GlobalSection(ProjectConfigurationPlatforms) = postSolution
		{33CD656D-9291-4572-BF11-AA383709183A}.Debug|Any CPU.ActiveCfg = Debug|Any CPU
		{33CD656D-9291-4572-BF11-AA383709183A}.Debug|Any CPU.Build.0 = Debug|Any CPU
		{33CD656D-9291-4572-BF11-AA383709183A}.Release|Any CPU.ActiveCfg = Release|Any CPU
		{33CD656D-9291-4572-BF11-AA383709183A}.Release|Any CPU.Build.0 = Release|Any CPU
		{55BFAC98-9EB9-4300-BEC3-99165DDDC230}.Debug|Any CPU.ActiveCfg = Debug|Any CPU
		{55BFAC98-9EB9-4300-BEC3-99165DDDC230}.Debug|Any CPU.Build.0 = Debug|Any CPU
		{55BFAC98-9EB9-4300-BEC3-99165DDDC230}.Release|Any CPU.ActiveCfg = Release|Any CPU
		{55BFAC98-9EB9-4300-BEC3-99165DDDC230}.Release|Any CPU.Build.0 = Release|Any CPU
		{706A230C-FC84-46DE-A937-3A5E05C4498F}.Debug|Any CPU.ActiveCfg = Debug|Any CPU
		{706A230C-FC84-46DE-A937-3A5E05C4498F}.Debug|Any CPU.Build.0 = Debug|Any CPU
		{706A230C-FC84-46DE-A937-3A5E05C4498F}.Release|Any CPU.ActiveCfg = Release|Any CPU
		{706A230C-FC84-46DE-A937-3A5E05C4498F}.Release|Any CPU.Build.0 = Release|Any CPU
		{6298629A-0E2D-4238-8FF1-D3EDB52B0FD2}.Debug|Any CPU.ActiveCfg = Debug|Any CPU
		{6298629A-0E2D-4238-8FF1-D3EDB52B0FD2}.Debug|Any CPU.Build.0 = Debug|Any CPU
		{6298629A-0E2D-4238-8FF1-D3EDB52B0FD2}.Release|Any CPU.ActiveCfg = Release|Any CPU
		{6298629A-0E2D-4238-8FF1-D3EDB52B0FD2}.Release|Any CPU.Build.0 = Release|Any CPU
		{BED1C086-C882-4A99-8CB6-A372261E784F}.Debug|Any CPU.ActiveCfg = Debug|Any CPU
		{BED1C086-C882-4A99-8CB6-A372261E784F}.Debug|Any CPU.Build.0 = Debug|Any CPU
		{BED1C086-C882-4A99-8CB6-A372261E784F}.Release|Any CPU.ActiveCfg = Release|Any CPU
		{BED1C086-C882-4A99-8CB6-A372261E784F}.Release|Any CPU.Build.0 = Release|Any CPU
	EndGlobalSection
	GlobalSection(SolutionProperties) = preSolution
		HideSolutionNode = FALSE
	EndGlobalSection
	GlobalSection(NestedProjects) = preSolution
		{55BFAC98-9EB9-4300-BEC3-99165DDDC230} = {FCF5822C-C098-4DF3-AFF9-8D96CE3D022F}
		{706A230C-FC84-46DE-A937-3A5E05C4498F} = {FCF5822C-C098-4DF3-AFF9-8D96CE3D022F}
		{6298629A-0E2D-4238-8FF1-D3EDB52B0FD2} = {F85097F7-994A-4410-919A-35E61AB07DD1}
		{BED1C086-C882-4A99-8CB6-A372261E784F} = {F85097F7-994A-4410-919A-35E61AB07DD1}
	EndGlobalSection
	GlobalSection(ExtensibilityGlobals) = postSolution
		SolutionGuid = {4E979E43-B2B0-44CF-B9BF-21482E97E079}
	EndGlobalSection
EndGlobal
