Microsoft Visual Studio Solution File, Format Version 12.00
# Visual Studio Version 17
VisualStudioVersion = 17.5.2.0
MinimumVisualStudioVersion = 10.0.40219.1
Project("{FAE04EC0-301F-11D3-BF4B-00C04F79EFBC}") = "Refaktoring-1", "Refaktoring-1.csproj", "{E49FA695-BEAC-712B-7F95-3F93495D342B}"
EndProject
Global
	GlobalSection(SolutionConfigurationPlatforms) = preSolution
		Debug|Any CPU = Debug|Any CPU
		Release|Any CPU = Release|Any CPU
	EndGlobalSection
	GlobalSection(ProjectConfigurationPlatforms) = postSolution
		{E49FA695-BEAC-712B-7F95-3F93495D342B}.Debug|Any CPU.ActiveCfg = Debug|Any CPU
		{E49FA695-BEAC-712B-7F95-3F93495D342B}.Debug|Any CPU.Build.0 = Debug|Any CPU
		{E49FA695-BEAC-712B-7F95-3F93495D342B}.Release|Any CPU.ActiveCfg = Release|Any CPU
		{E49FA695-BEAC-712B-7F95-3F93495D342B}.Release|Any CPU.Build.0 = Release|Any CPU
	EndGlobalSection
	GlobalSection(SolutionProperties) = preSolution
		HideSolutionNode = FALSE
	EndGlobalSection
	GlobalSection(ExtensibilityGlobals) = postSolution
		SolutionGuid = {D543D3F6-2D73-4675-9903-AD73C1DFAE9F}
	EndGlobalSection
EndGlobal
