
Microsoft Visual Studio Solution File, Format Version 12.00
# Visual Studio Version 17
VisualStudioVersion = 17.5.002.0
MinimumVisualStudioVersion = 10.0.40219.1
Project("{9A19103F-16F7-4668-BE54-9A1E7A4F7556}") = "SlumpadLista2", "SlumpadLista2.csproj", "{806BBADE-B000-4201-A5E5-6BB29FF87C61}"
EndProject
Global
	GlobalSection(SolutionConfigurationPlatforms) = preSolution
		Debug|Any CPU = Debug|Any CPU
		Release|Any CPU = Release|Any CPU
	EndGlobalSection
	GlobalSection(ProjectConfigurationPlatforms) = postSolution
		{806BBADE-B000-4201-A5E5-6BB29FF87C61}.Debug|Any CPU.ActiveCfg = Debug|Any CPU
		{806BBADE-B000-4201-A5E5-6BB29FF87C61}.Debug|Any CPU.Build.0 = Debug|Any CPU
		{806BBADE-B000-4201-A5E5-6BB29FF87C61}.Release|Any CPU.ActiveCfg = Release|Any CPU
		{806BBADE-B000-4201-A5E5-6BB29FF87C61}.Release|Any CPU.Build.0 = Release|Any CPU
	EndGlobalSection
	GlobalSection(SolutionProperties) = preSolution
		HideSolutionNode = FALSE
	EndGlobalSection
	GlobalSection(ExtensibilityGlobals) = postSolution
		SolutionGuid = {72BE5439-0682-44B0-B775-BC228C149DFD}
	EndGlobalSection
EndGlobal
