
Microsoft Visual Studio Solution File, Format Version 12.00
# Visual Studio Version 17
VisualStudioVersion = 17.5.002.0
MinimumVisualStudioVersion = 10.0.40219.1
Project("{9A19103F-16F7-4668-BE54-9A1E7A4F7556}") = "Prov1b", "Prov1b.csproj", "{C4990581-4028-4C9E-BD37-EF72BB4A98B2}"
EndProject
Global
	GlobalSection(SolutionConfigurationPlatforms) = preSolution
		Debug|Any CPU = Debug|Any CPU
		Release|Any CPU = Release|Any CPU
	EndGlobalSection
	GlobalSection(ProjectConfigurationPlatforms) = postSolution
		{C4990581-4028-4C9E-BD37-EF72BB4A98B2}.Debug|Any CPU.ActiveCfg = Debug|Any CPU
		{C4990581-4028-4C9E-BD37-EF72BB4A98B2}.Debug|Any CPU.Build.0 = Debug|Any CPU
		{C4990581-4028-4C9E-BD37-EF72BB4A98B2}.Release|Any CPU.ActiveCfg = Release|Any CPU
		{C4990581-4028-4C9E-BD37-EF72BB4A98B2}.Release|Any CPU.Build.0 = Release|Any CPU
	EndGlobalSection
	GlobalSection(SolutionProperties) = preSolution
		HideSolutionNode = FALSE
	EndGlobalSection
	GlobalSection(ExtensibilityGlobals) = postSolution
		SolutionGuid = {68CD9FAD-C878-4279-97B3-6667D8F4C9D4}
	EndGlobalSection
EndGlobal
