
Microsoft Visual Studio Solution File, Format Version 12.00
# Visual Studio Version 17
VisualStudioVersion = 17.5.002.0
MinimumVisualStudioVersion = 10.0.40219.1
Project("{9A19103F-16F7-4668-BE54-9A1E7A4F7556}") = "MetoderMedParametrar", "MetoderMedParametrar.csproj", "{9047215A-3ECE-4F55-B734-757C9D59CF16}"
EndProject
Global
	GlobalSection(SolutionConfigurationPlatforms) = preSolution
		Debug|Any CPU = Debug|Any CPU
		Release|Any CPU = Release|Any CPU
	EndGlobalSection
	GlobalSection(ProjectConfigurationPlatforms) = postSolution
		{9047215A-3ECE-4F55-B734-757C9D59CF16}.Debug|Any CPU.ActiveCfg = Debug|Any CPU
		{9047215A-3ECE-4F55-B734-757C9D59CF16}.Debug|Any CPU.Build.0 = Debug|Any CPU
		{9047215A-3ECE-4F55-B734-757C9D59CF16}.Release|Any CPU.ActiveCfg = Release|Any CPU
		{9047215A-3ECE-4F55-B734-757C9D59CF16}.Release|Any CPU.Build.0 = Release|Any CPU
	EndGlobalSection
	GlobalSection(SolutionProperties) = preSolution
		HideSolutionNode = FALSE
	EndGlobalSection
	GlobalSection(ExtensibilityGlobals) = postSolution
		SolutionGuid = {D4A961B2-F01F-4FB2-A4F8-340E6ABC0C22}
	EndGlobalSection
EndGlobal
